// !$*UTF8*$!
{
	archiveVersion = 1;
	classes = {
	};
	objectVersion = 56;
	objects = {

/* Begin PBXBuildFile section */
		B20376102A33EAB2000987BF /* AppDelegate.swift in Sources */ = {isa = PBXBuildFile; fileRef = B203760F2A33EAB2000987BF /* AppDelegate.swift */; };
		B20376122A33EAB2000987BF /* SceneDelegate.swift in Sources */ = {isa = PBXBuildFile; fileRef = B20376112A33EAB2000987BF /* SceneDelegate.swift */; };
		B20376142A33EAB2000987BF /* MainVC.swift in Sources */ = {isa = PBXBuildFile; fileRef = B20376132A33EAB2000987BF /* MainVC.swift */; };
		B203761A2A33EAB2000987BF /* JDR_Todo_2.xcdatamodeld in Sources */ = {isa = PBXBuildFile; fileRef = B20376182A33EAB2000987BF /* JDR_Todo_2.xcdatamodeld */; };
		B203761C2A33EAB4000987BF /* Assets.xcassets in Resources */ = {isa = PBXBuildFile; fileRef = B203761B2A33EAB4000987BF /* Assets.xcassets */; };
		B203761F2A33EAB4000987BF /* LaunchScreen.storyboard in Resources */ = {isa = PBXBuildFile; fileRef = B203761D2A33EAB4000987BF /* LaunchScreen.storyboard */; };
		B203762A2A33EAB4000987BF /* JDR_Todo_2Tests.swift in Sources */ = {isa = PBXBuildFile; fileRef = B20376292A33EAB4000987BF /* JDR_Todo_2Tests.swift */; };
		B20376342A33EAB4000987BF /* JDR_Todo_2UITests.swift in Sources */ = {isa = PBXBuildFile; fileRef = B20376332A33EAB4000987BF /* JDR_Todo_2UITests.swift */; };
		B20376362A33EAB4000987BF /* JDR_Todo_2UITestsLaunchTests.swift in Sources */ = {isa = PBXBuildFile; fileRef = B20376352A33EAB4000987BF /* JDR_Todo_2UITestsLaunchTests.swift */; };
		B20376482A33EE9F000987BF /* BaseVC.swift in Sources */ = {isa = PBXBuildFile; fileRef = B20376472A33EE9F000987BF /* BaseVC.swift */; };
		B203764A2A33EEBA000987BF /* Constant.swift in Sources */ = {isa = PBXBuildFile; fileRef = B20376492A33EEBA000987BF /* Constant.swift */; };
		B203764D2A33EF69000987BF /* RxCocoa in Frameworks */ = {isa = PBXBuildFile; productRef = B203764C2A33EF69000987BF /* RxCocoa */; };
		B203764F2A33EF69000987BF /* RxRelay in Frameworks */ = {isa = PBXBuildFile; productRef = B203764E2A33EF69000987BF /* RxRelay */; };
		B20376512A33EF69000987BF /* RxSwift in Frameworks */ = {isa = PBXBuildFile; productRef = B20376502A33EF69000987BF /* RxSwift */; };
		B20376532A33EF69000987BF /* RxTest in Frameworks */ = {isa = PBXBuildFile; productRef = B20376522A33EF69000987BF /* RxTest */; };
		B20376562A33EF8A000987BF /* SnapKit in Frameworks */ = {isa = PBXBuildFile; productRef = B20376552A33EF8A000987BF /* SnapKit */; };
		B20376592A33EFB4000987BF /* RxAlamofire in Frameworks */ = {isa = PBXBuildFile; productRef = B20376582A33EFB4000987BF /* RxAlamofire */; };
		B203765C2A33EFE7000987BF /* Then in Frameworks */ = {isa = PBXBuildFile; productRef = B203765B2A33EFE7000987BF /* Then */; };
		B20376602A33F107000987BF /* NetworkManager.swift in Sources */ = {isa = PBXBuildFile; fileRef = B203765F2A33F107000987BF /* NetworkManager.swift */; };
		B20376622A33F10F000987BF /* Router.swift in Sources */ = {isa = PBXBuildFile; fileRef = B20376612A33F10F000987BF /* Router.swift */; };
		B20376642A33F11B000987BF /* BaseInterceptor.swift in Sources */ = {isa = PBXBuildFile; fileRef = B20376632A33F11B000987BF /* BaseInterceptor.swift */; };
		B203766D2A33F711000987BF /* SettingVC.swift in Sources */ = {isa = PBXBuildFile; fileRef = B203766C2A33F711000987BF /* SettingVC.swift */; };
		B203766F2A34894F000987BF /* MainVM.swift in Sources */ = {isa = PBXBuildFile; fileRef = B203766E2A34894F000987BF /* MainVM.swift */; };
		B20376712A348A80000987BF /* TodoCardModel.swift in Sources */ = {isa = PBXBuildFile; fileRef = B20376702A348A80000987BF /* TodoCardModel.swift */; };
		B20376732A348B36000987BF /* TodoListEntity.swift in Sources */ = {isa = PBXBuildFile; fileRef = B20376722A348B36000987BF /* TodoListEntity.swift */; };
		B20376752A348B88000987BF /* UIViewController+Ext.swift in Sources */ = {isa = PBXBuildFile; fileRef = B20376742A348B88000987BF /* UIViewController+Ext.swift */; };
		B20376772A348D47000987BF /* UIView+Ext.swift in Sources */ = {isa = PBXBuildFile; fileRef = B20376762A348D47000987BF /* UIView+Ext.swift */; };
		B20376792A348D83000987BF /* Date+Ext.swift in Sources */ = {isa = PBXBuildFile; fileRef = B20376782A348D83000987BF /* Date+Ext.swift */; };
		B203767C2A348ECD000987BF /* NetworkError.swift in Sources */ = {isa = PBXBuildFile; fileRef = B203767B2A348ECD000987BF /* NetworkError.swift */; };
		B203767E2A3490ED000987BF /* Params.swift in Sources */ = {isa = PBXBuildFile; fileRef = B203767D2A3490ED000987BF /* Params.swift */; };
/* End PBXBuildFile section */

/* Begin PBXContainerItemProxy section */
		B20376262A33EAB4000987BF /* PBXContainerItemProxy */ = {
			isa = PBXContainerItemProxy;
			containerPortal = B20376042A33EAB2000987BF /* Project object */;
			proxyType = 1;
			remoteGlobalIDString = B203760B2A33EAB2000987BF;
			remoteInfo = "JDR Todo 2";
		};
		B20376302A33EAB4000987BF /* PBXContainerItemProxy */ = {
			isa = PBXContainerItemProxy;
			containerPortal = B20376042A33EAB2000987BF /* Project object */;
			proxyType = 1;
			remoteGlobalIDString = B203760B2A33EAB2000987BF;
			remoteInfo = "JDR Todo 2";
		};
/* End PBXContainerItemProxy section */

/* Begin PBXFileReference section */
		B203760C2A33EAB2000987BF /* JDR Todo 2.app */ = {isa = PBXFileReference; explicitFileType = wrapper.application; includeInIndex = 0; path = "JDR Todo 2.app"; sourceTree = BUILT_PRODUCTS_DIR; };
		B203760F2A33EAB2000987BF /* AppDelegate.swift */ = {isa = PBXFileReference; lastKnownFileType = sourcecode.swift; path = AppDelegate.swift; sourceTree = "<group>"; };
		B20376112A33EAB2000987BF /* SceneDelegate.swift */ = {isa = PBXFileReference; lastKnownFileType = sourcecode.swift; path = SceneDelegate.swift; sourceTree = "<group>"; };
		B20376132A33EAB2000987BF /* MainVC.swift */ = {isa = PBXFileReference; lastKnownFileType = sourcecode.swift; path = MainVC.swift; sourceTree = "<group>"; };
		B20376192A33EAB2000987BF /* JDR_Todo_2.xcdatamodel */ = {isa = PBXFileReference; lastKnownFileType = wrapper.xcdatamodel; path = JDR_Todo_2.xcdatamodel; sourceTree = "<group>"; };
		B203761B2A33EAB4000987BF /* Assets.xcassets */ = {isa = PBXFileReference; lastKnownFileType = folder.assetcatalog; path = Assets.xcassets; sourceTree = "<group>"; };
		B203761E2A33EAB4000987BF /* Base */ = {isa = PBXFileReference; lastKnownFileType = file.storyboard; name = Base; path = Base.lproj/LaunchScreen.storyboard; sourceTree = "<group>"; };
		B20376202A33EAB4000987BF /* Info.plist */ = {isa = PBXFileReference; lastKnownFileType = text.plist.xml; path = Info.plist; sourceTree = "<group>"; };
		B20376252A33EAB4000987BF /* JDR Todo 2Tests.xctest */ = {isa = PBXFileReference; explicitFileType = wrapper.cfbundle; includeInIndex = 0; path = "JDR Todo 2Tests.xctest"; sourceTree = BUILT_PRODUCTS_DIR; };
		B20376292A33EAB4000987BF /* JDR_Todo_2Tests.swift */ = {isa = PBXFileReference; lastKnownFileType = sourcecode.swift; path = JDR_Todo_2Tests.swift; sourceTree = "<group>"; };
		B203762F2A33EAB4000987BF /* JDR Todo 2UITests.xctest */ = {isa = PBXFileReference; explicitFileType = wrapper.cfbundle; includeInIndex = 0; path = "JDR Todo 2UITests.xctest"; sourceTree = BUILT_PRODUCTS_DIR; };
		B20376332A33EAB4000987BF /* JDR_Todo_2UITests.swift */ = {isa = PBXFileReference; lastKnownFileType = sourcecode.swift; path = JDR_Todo_2UITests.swift; sourceTree = "<group>"; };
		B20376352A33EAB4000987BF /* JDR_Todo_2UITestsLaunchTests.swift */ = {isa = PBXFileReference; lastKnownFileType = sourcecode.swift; path = JDR_Todo_2UITestsLaunchTests.swift; sourceTree = "<group>"; };
		B20376472A33EE9F000987BF /* BaseVC.swift */ = {isa = PBXFileReference; lastKnownFileType = sourcecode.swift; path = BaseVC.swift; sourceTree = "<group>"; };
		B20376492A33EEBA000987BF /* Constant.swift */ = {isa = PBXFileReference; lastKnownFileType = sourcecode.swift; path = Constant.swift; sourceTree = "<group>"; };
		B203765F2A33F107000987BF /* NetworkManager.swift */ = {isa = PBXFileReference; lastKnownFileType = sourcecode.swift; path = NetworkManager.swift; sourceTree = "<group>"; };
		B20376612A33F10F000987BF /* Router.swift */ = {isa = PBXFileReference; lastKnownFileType = sourcecode.swift; path = Router.swift; sourceTree = "<group>"; };
		B20376632A33F11B000987BF /* BaseInterceptor.swift */ = {isa = PBXFileReference; lastKnownFileType = sourcecode.swift; path = BaseInterceptor.swift; sourceTree = "<group>"; };
		B203766C2A33F711000987BF /* SettingVC.swift */ = {isa = PBXFileReference; lastKnownFileType = sourcecode.swift; path = SettingVC.swift; sourceTree = "<group>"; };
		B203766E2A34894F000987BF /* MainVM.swift */ = {isa = PBXFileReference; lastKnownFileType = sourcecode.swift; path = MainVM.swift; sourceTree = "<group>"; };
		B20376702A348A80000987BF /* TodoCardModel.swift */ = {isa = PBXFileReference; lastKnownFileType = sourcecode.swift; path = TodoCardModel.swift; sourceTree = "<group>"; };
		B20376722A348B36000987BF /* TodoListEntity.swift */ = {isa = PBXFileReference; lastKnownFileType = sourcecode.swift; path = TodoListEntity.swift; sourceTree = "<group>"; };
		B20376742A348B88000987BF /* UIViewController+Ext.swift */ = {isa = PBXFileReference; lastKnownFileType = sourcecode.swift; path = "UIViewController+Ext.swift"; sourceTree = "<group>"; };
		B20376762A348D47000987BF /* UIView+Ext.swift */ = {isa = PBXFileReference; lastKnownFileType = sourcecode.swift; path = "UIView+Ext.swift"; sourceTree = "<group>"; };
		B20376782A348D83000987BF /* Date+Ext.swift */ = {isa = PBXFileReference; lastKnownFileType = sourcecode.swift; path = "Date+Ext.swift"; sourceTree = "<group>"; };
		B203767B2A348ECD000987BF /* NetworkError.swift */ = {isa = PBXFileReference; lastKnownFileType = sourcecode.swift; path = NetworkError.swift; sourceTree = "<group>"; };
		B203767D2A3490ED000987BF /* Params.swift */ = {isa = PBXFileReference; lastKnownFileType = sourcecode.swift; path = Params.swift; sourceTree = "<group>"; };
/* End PBXFileReference section */

/* Begin PBXFrameworksBuildPhase section */
		B20376092A33EAB2000987BF /* Frameworks */ = {
			isa = PBXFrameworksBuildPhase;
			buildActionMask = 2147483647;
			files = (
				B20376532A33EF69000987BF /* RxTest in Frameworks */,
				B20376512A33EF69000987BF /* RxSwift in Frameworks */,
				B203764F2A33EF69000987BF /* RxRelay in Frameworks */,
				B203765C2A33EFE7000987BF /* Then in Frameworks */,
				B20376592A33EFB4000987BF /* RxAlamofire in Frameworks */,
				B203764D2A33EF69000987BF /* RxCocoa in Frameworks */,
				B20376562A33EF8A000987BF /* SnapKit in Frameworks */,
			);
			runOnlyForDeploymentPostprocessing = 0;
		};
		B20376222A33EAB4000987BF /* Frameworks */ = {
			isa = PBXFrameworksBuildPhase;
			buildActionMask = 2147483647;
			files = (
			);
			runOnlyForDeploymentPostprocessing = 0;
		};
		B203762C2A33EAB4000987BF /* Frameworks */ = {
			isa = PBXFrameworksBuildPhase;
			buildActionMask = 2147483647;
			files = (
			);
			runOnlyForDeploymentPostprocessing = 0;
		};
/* End PBXFrameworksBuildPhase section */

/* Begin PBXGroup section */
		B20376032A33EAB2000987BF = {
			isa = PBXGroup;
			children = (
				B203760E2A33EAB2000987BF /* JDR Todo 2 */,
				B20376282A33EAB4000987BF /* JDR Todo 2Tests */,
				B20376322A33EAB4000987BF /* JDR Todo 2UITests */,
				B203760D2A33EAB2000987BF /* Products */,
			);
			sourceTree = "<group>";
		};
		B203760D2A33EAB2000987BF /* Products */ = {
			isa = PBXGroup;
			children = (
				B203760C2A33EAB2000987BF /* JDR Todo 2.app */,
				B20376252A33EAB4000987BF /* JDR Todo 2Tests.xctest */,
				B203762F2A33EAB4000987BF /* JDR Todo 2UITests.xctest */,
			);
			name = Products;
			sourceTree = "<group>";
		};
		B203760E2A33EAB2000987BF /* JDR Todo 2 */ = {
			isa = PBXGroup;
			children = (
				B203760F2A33EAB2000987BF /* AppDelegate.swift */,
				B20376112A33EAB2000987BF /* SceneDelegate.swift */,
				B20376652A33F17E000987BF /* Main */,
				B203765D2A33F0C1000987BF /* Networking */,
				B20376422A33ED71000987BF /* Foundation */,
			);
			path = "JDR Todo 2";
			sourceTree = "<group>";
		};
		B20376282A33EAB4000987BF /* JDR Todo 2Tests */ = {
			isa = PBXGroup;
			children = (
				B20376292A33EAB4000987BF /* JDR_Todo_2Tests.swift */,
			);
			path = "JDR Todo 2Tests";
			sourceTree = "<group>";
		};
		B20376322A33EAB4000987BF /* JDR Todo 2UITests */ = {
			isa = PBXGroup;
			children = (
				B20376332A33EAB4000987BF /* JDR_Todo_2UITests.swift */,
				B20376352A33EAB4000987BF /* JDR_Todo_2UITestsLaunchTests.swift */,
			);
			path = "JDR Todo 2UITests";
			sourceTree = "<group>";
		};
		B20376422A33ED71000987BF /* Foundation */ = {
			isa = PBXGroup;
			children = (
				B20376442A33EE0E000987BF /* Helper */,
				B20376432A33EDD3000987BF /* SupportingFiles */,
			);
			path = Foundation;
			sourceTree = "<group>";
		};
		B20376432A33EDD3000987BF /* SupportingFiles */ = {
			isa = PBXGroup;
			children = (
				B203761D2A33EAB4000987BF /* LaunchScreen.storyboard */,
				B20376202A33EAB4000987BF /* Info.plist */,
				B20376182A33EAB2000987BF /* JDR_Todo_2.xcdatamodeld */,
				B203761B2A33EAB4000987BF /* Assets.xcassets */,
			);
			path = SupportingFiles;
			sourceTree = "<group>";
		};
		B20376442A33EE0E000987BF /* Helper */ = {
			isa = PBXGroup;
			children = (
				B20376472A33EE9F000987BF /* BaseVC.swift */,
				B20376492A33EEBA000987BF /* Constant.swift */,
				B20376462A33EE39000987BF /* Protocols */,
				B20376452A33EE2C000987BF /* Extensions */,
			);
			path = Helper;
			sourceTree = "<group>";
		};
		B20376452A33EE2C000987BF /* Extensions */ = {
			isa = PBXGroup;
			children = (
				B20376742A348B88000987BF /* UIViewController+Ext.swift */,
				B20376762A348D47000987BF /* UIView+Ext.swift */,
				B20376782A348D83000987BF /* Date+Ext.swift */,
			);
			path = Extensions;
			sourceTree = "<group>";
		};
		B20376462A33EE39000987BF /* Protocols */ = {
			isa = PBXGroup;
			children = (
			);
			path = Protocols;
			sourceTree = "<group>";
		};
		B203765D2A33F0C1000987BF /* Networking */ = {
			isa = PBXGroup;
			children = (
				B203765E2A33F0D5000987BF /* Entitys */,
				B203767A2A348EB6000987BF /* Enums */,
				B203765F2A33F107000987BF /* NetworkManager.swift */,
				B20376612A33F10F000987BF /* Router.swift */,
				B20376632A33F11B000987BF /* BaseInterceptor.swift */,
			);
			path = Networking;
			sourceTree = "<group>";
		};
		B203765E2A33F0D5000987BF /* Entitys */ = {
			isa = PBXGroup;
			children = (
				B20376722A348B36000987BF /* TodoListEntity.swift */,
			);
			path = Entitys;
			sourceTree = "<group>";
		};
		B20376652A33F17E000987BF /* Main */ = {
			isa = PBXGroup;
			children = (
				B20376662A33F329000987BF /* Models */,
				B20376672A33F338000987BF /* ViewModels */,
				B20376682A33F35C000987BF /* View */,
			);
			path = Main;
			sourceTree = "<group>";
		};
		B20376662A33F329000987BF /* Models */ = {
			isa = PBXGroup;
			children = (
				B20376702A348A80000987BF /* TodoCardModel.swift */,
			);
			path = Models;
			sourceTree = "<group>";
		};
		B20376672A33F338000987BF /* ViewModels */ = {
			isa = PBXGroup;
			children = (
				B203766E2A34894F000987BF /* MainVM.swift */,
			);
			path = ViewModels;
			sourceTree = "<group>";
		};
		B20376682A33F35C000987BF /* View */ = {
			isa = PBXGroup;
			children = (
				B20376692A33F38E000987BF /* Components */,
				B20376132A33EAB2000987BF /* MainVC.swift */,
				B203766C2A33F711000987BF /* SettingVC.swift */,
			);
			path = View;
			sourceTree = "<group>";
		};
		B20376692A33F38E000987BF /* Components */ = {
			isa = PBXGroup;
			children = (
				B203766A2A33F3B7000987BF /* Cells */,
			);
			path = Components;
			sourceTree = "<group>";
		};
		B203766A2A33F3B7000987BF /* Cells */ = {
			isa = PBXGroup;
			children = (
			);
			path = Cells;
			sourceTree = "<group>";
		};
		B203767A2A348EB6000987BF /* Enums */ = {
			isa = PBXGroup;
			children = (
				B203767B2A348ECD000987BF /* NetworkError.swift */,
				B203767D2A3490ED000987BF /* Params.swift */,
			);
			path = Enums;
			sourceTree = "<group>";
		};
/* End PBXGroup section */

/* Begin PBXNativeTarget section */
		B203760B2A33EAB2000987BF /* JDR Todo 2 */ = {
			isa = PBXNativeTarget;
			buildConfigurationList = B20376392A33EAB4000987BF /* Build configuration list for PBXNativeTarget "JDR Todo 2" */;
			buildPhases = (
				B20376082A33EAB2000987BF /* Sources */,
				B20376092A33EAB2000987BF /* Frameworks */,
				B203760A2A33EAB2000987BF /* Resources */,
			);
			buildRules = (
			);
			dependencies = (
			);
			name = "JDR Todo 2";
			packageProductDependencies = (
				B203764C2A33EF69000987BF /* RxCocoa */,
				B203764E2A33EF69000987BF /* RxRelay */,
				B20376502A33EF69000987BF /* RxSwift */,
				B20376522A33EF69000987BF /* RxTest */,
				B20376552A33EF8A000987BF /* SnapKit */,
				B20376582A33EFB4000987BF /* RxAlamofire */,
				B203765B2A33EFE7000987BF /* Then */,
			);
			productName = "JDR Todo 2";
			productReference = B203760C2A33EAB2000987BF /* JDR Todo 2.app */;
			productType = "com.apple.product-type.application";
		};
		B20376242A33EAB4000987BF /* JDR Todo 2Tests */ = {
			isa = PBXNativeTarget;
			buildConfigurationList = B203763C2A33EAB4000987BF /* Build configuration list for PBXNativeTarget "JDR Todo 2Tests" */;
			buildPhases = (
				B20376212A33EAB4000987BF /* Sources */,
				B20376222A33EAB4000987BF /* Frameworks */,
				B20376232A33EAB4000987BF /* Resources */,
			);
			buildRules = (
			);
			dependencies = (
				B20376272A33EAB4000987BF /* PBXTargetDependency */,
			);
			name = "JDR Todo 2Tests";
			productName = "JDR Todo 2Tests";
			productReference = B20376252A33EAB4000987BF /* JDR Todo 2Tests.xctest */;
			productType = "com.apple.product-type.bundle.unit-test";
		};
		B203762E2A33EAB4000987BF /* JDR Todo 2UITests */ = {
			isa = PBXNativeTarget;
			buildConfigurationList = B203763F2A33EAB4000987BF /* Build configuration list for PBXNativeTarget "JDR Todo 2UITests" */;
			buildPhases = (
				B203762B2A33EAB4000987BF /* Sources */,
				B203762C2A33EAB4000987BF /* Frameworks */,
				B203762D2A33EAB4000987BF /* Resources */,
			);
			buildRules = (
			);
			dependencies = (
				B20376312A33EAB4000987BF /* PBXTargetDependency */,
			);
			name = "JDR Todo 2UITests";
			productName = "JDR Todo 2UITests";
			productReference = B203762F2A33EAB4000987BF /* JDR Todo 2UITests.xctest */;
			productType = "com.apple.product-type.bundle.ui-testing";
		};
/* End PBXNativeTarget section */

/* Begin PBXProject section */
		B20376042A33EAB2000987BF /* Project object */ = {
			isa = PBXProject;
			attributes = {
				BuildIndependentTargetsInParallel = 1;
				LastSwiftUpdateCheck = 1500;
				LastUpgradeCheck = 1500;
				TargetAttributes = {
					B203760B2A33EAB2000987BF = {
						CreatedOnToolsVersion = 15.0;
					};
					B20376242A33EAB4000987BF = {
						CreatedOnToolsVersion = 15.0;
						TestTargetID = B203760B2A33EAB2000987BF;
					};
					B203762E2A33EAB4000987BF = {
						CreatedOnToolsVersion = 15.0;
						TestTargetID = B203760B2A33EAB2000987BF;
					};
				};
			};
			buildConfigurationList = B20376072A33EAB2000987BF /* Build configuration list for PBXProject "JDR Todo 2" */;
			compatibilityVersion = "Xcode 14.0";
			developmentRegion = en;
			hasScannedForEncodings = 0;
			knownRegions = (
				en,
				Base,
			);
			mainGroup = B20376032A33EAB2000987BF;
			packageReferences = (
				B203764B2A33EF69000987BF /* XCRemoteSwiftPackageReference "RxSwift" */,
				B20376542A33EF8A000987BF /* XCRemoteSwiftPackageReference "SnapKit" */,
				B20376572A33EFB4000987BF /* XCRemoteSwiftPackageReference "RxAlamofire" */,
				B203765A2A33EFE7000987BF /* XCRemoteSwiftPackageReference "Then" */,
			);
			productRefGroup = B203760D2A33EAB2000987BF /* Products */;
			projectDirPath = "";
			projectRoot = "";
			targets = (
				B203760B2A33EAB2000987BF /* JDR Todo 2 */,
				B20376242A33EAB4000987BF /* JDR Todo 2Tests */,
				B203762E2A33EAB4000987BF /* JDR Todo 2UITests */,
			);
		};
/* End PBXProject section */

/* Begin PBXResourcesBuildPhase section */
		B203760A2A33EAB2000987BF /* Resources */ = {
			isa = PBXResourcesBuildPhase;
			buildActionMask = 2147483647;
			files = (
				B203761F2A33EAB4000987BF /* LaunchScreen.storyboard in Resources */,
				B203761C2A33EAB4000987BF /* Assets.xcassets in Resources */,
			);
			runOnlyForDeploymentPostprocessing = 0;
		};
		B20376232A33EAB4000987BF /* Resources */ = {
			isa = PBXResourcesBuildPhase;
			buildActionMask = 2147483647;
			files = (
			);
			runOnlyForDeploymentPostprocessing = 0;
		};
		B203762D2A33EAB4000987BF /* Resources */ = {
			isa = PBXResourcesBuildPhase;
			buildActionMask = 2147483647;
			files = (
			);
			runOnlyForDeploymentPostprocessing = 0;
		};
/* End PBXResourcesBuildPhase section */

/* Begin PBXSourcesBuildPhase section */
		B20376082A33EAB2000987BF /* Sources */ = {
			isa = PBXSourcesBuildPhase;
			buildActionMask = 2147483647;
			files = (
				B203767C2A348ECD000987BF /* NetworkError.swift in Sources */,
				B20376622A33F10F000987BF /* Router.swift in Sources */,
				B20376142A33EAB2000987BF /* MainVC.swift in Sources */,
				B20376772A348D47000987BF /* UIView+Ext.swift in Sources */,
				B20376792A348D83000987BF /* Date+Ext.swift in Sources */,
				B20376752A348B88000987BF /* UIViewController+Ext.swift in Sources */,
				B20376642A33F11B000987BF /* BaseInterceptor.swift in Sources */,
				B203761A2A33EAB2000987BF /* JDR_Todo_2.xcdatamodeld in Sources */,
				B20376102A33EAB2000987BF /* AppDelegate.swift in Sources */,
				B203767E2A3490ED000987BF /* Params.swift in Sources */,
				B20376602A33F107000987BF /* NetworkManager.swift in Sources */,
				B20376732A348B36000987BF /* TodoListEntity.swift in Sources */,
				B20376122A33EAB2000987BF /* SceneDelegate.swift in Sources */,
				B20376712A348A80000987BF /* TodoCardModel.swift in Sources */,
				B203766F2A34894F000987BF /* MainVM.swift in Sources */,
				B203766D2A33F711000987BF /* SettingVC.swift in Sources */,
				B20376482A33EE9F000987BF /* BaseVC.swift in Sources */,
				B203764A2A33EEBA000987BF /* Constant.swift in Sources */,
			);
			runOnlyForDeploymentPostprocessing = 0;
		};
		B20376212A33EAB4000987BF /* Sources */ = {
			isa = PBXSourcesBuildPhase;
			buildActionMask = 2147483647;
			files = (
				B203762A2A33EAB4000987BF /* JDR_Todo_2Tests.swift in Sources */,
			);
			runOnlyForDeploymentPostprocessing = 0;
		};
		B203762B2A33EAB4000987BF /* Sources */ = {
			isa = PBXSourcesBuildPhase;
			buildActionMask = 2147483647;
			files = (
				B20376362A33EAB4000987BF /* JDR_Todo_2UITestsLaunchTests.swift in Sources */,
				B20376342A33EAB4000987BF /* JDR_Todo_2UITests.swift in Sources */,
			);
			runOnlyForDeploymentPostprocessing = 0;
		};
/* End PBXSourcesBuildPhase section */

/* Begin PBXTargetDependency section */
		B20376272A33EAB4000987BF /* PBXTargetDependency */ = {
			isa = PBXTargetDependency;
			target = B203760B2A33EAB2000987BF /* JDR Todo 2 */;
			targetProxy = B20376262A33EAB4000987BF /* PBXContainerItemProxy */;
		};
		B20376312A33EAB4000987BF /* PBXTargetDependency */ = {
			isa = PBXTargetDependency;
			target = B203760B2A33EAB2000987BF /* JDR Todo 2 */;
			targetProxy = B20376302A33EAB4000987BF /* PBXContainerItemProxy */;
		};
/* End PBXTargetDependency section */

/* Begin PBXVariantGroup section */
		B203761D2A33EAB4000987BF /* LaunchScreen.storyboard */ = {
			isa = PBXVariantGroup;
			children = (
				B203761E2A33EAB4000987BF /* Base */,
			);
			name = LaunchScreen.storyboard;
			sourceTree = "<group>";
		};
/* End PBXVariantGroup section */

/* Begin XCBuildConfiguration section */
		B20376372A33EAB4000987BF /* Debug */ = {
			isa = XCBuildConfiguration;
			buildSettings = {
				ALWAYS_SEARCH_USER_PATHS = NO;
				ASSETCATALOG_COMPILER_GENERATE_SWIFT_ASSET_SYMBOL_EXTENSIONS = YES;
				CLANG_ANALYZER_NONNULL = YES;
				CLANG_ANALYZER_NUMBER_OBJECT_CONVERSION = YES_AGGRESSIVE;
				CLANG_CXX_LANGUAGE_STANDARD = "gnu++20";
				CLANG_ENABLE_MODULES = YES;
				CLANG_ENABLE_OBJC_ARC = YES;
				CLANG_ENABLE_OBJC_WEAK = YES;
				CLANG_WARN_BLOCK_CAPTURE_AUTORELEASING = YES;
				CLANG_WARN_BOOL_CONVERSION = YES;
				CLANG_WARN_COMMA = YES;
				CLANG_WARN_CONSTANT_CONVERSION = YES;
				CLANG_WARN_DEPRECATED_OBJC_IMPLEMENTATIONS = YES;
				CLANG_WARN_DIRECT_OBJC_ISA_USAGE = YES_ERROR;
				CLANG_WARN_DOCUMENTATION_COMMENTS = YES;
				CLANG_WARN_EMPTY_BODY = YES;
				CLANG_WARN_ENUM_CONVERSION = YES;
				CLANG_WARN_INFINITE_RECURSION = YES;
				CLANG_WARN_INT_CONVERSION = YES;
				CLANG_WARN_NON_LITERAL_NULL_CONVERSION = YES;
				CLANG_WARN_OBJC_IMPLICIT_RETAIN_SELF = YES;
				CLANG_WARN_OBJC_LITERAL_CONVERSION = YES;
				CLANG_WARN_OBJC_ROOT_CLASS = YES_ERROR;
				CLANG_WARN_QUOTED_INCLUDE_IN_FRAMEWORK_HEADER = YES;
				CLANG_WARN_RANGE_LOOP_ANALYSIS = YES;
				CLANG_WARN_STRICT_PROTOTYPES = YES;
				CLANG_WARN_SUSPICIOUS_MOVE = YES;
				CLANG_WARN_UNGUARDED_AVAILABILITY = YES_AGGRESSIVE;
				CLANG_WARN_UNREACHABLE_CODE = YES;
				CLANG_WARN__DUPLICATE_METHOD_MATCH = YES;
				COPY_PHASE_STRIP = NO;
				DEBUG_INFORMATION_FORMAT = dwarf;
				ENABLE_STRICT_OBJC_MSGSEND = YES;
				ENABLE_TESTABILITY = YES;
				ENABLE_USER_SCRIPT_SANDBOXING = YES;
				GCC_C_LANGUAGE_STANDARD = gnu17;
				GCC_DYNAMIC_NO_PIC = NO;
				GCC_NO_COMMON_BLOCKS = YES;
				GCC_OPTIMIZATION_LEVEL = 0;
				GCC_PREPROCESSOR_DEFINITIONS = (
					"DEBUG=1",
					"$(inherited)",
				);
				GCC_WARN_64_TO_32_BIT_CONVERSION = YES;
				GCC_WARN_ABOUT_RETURN_TYPE = YES_ERROR;
				GCC_WARN_UNDECLARED_SELECTOR = YES;
				GCC_WARN_UNINITIALIZED_AUTOS = YES_AGGRESSIVE;
				GCC_WARN_UNUSED_FUNCTION = YES;
				GCC_WARN_UNUSED_VARIABLE = YES;
				IPHONEOS_DEPLOYMENT_TARGET = 17.0;
				LOCALIZATION_PREFERS_STRING_CATALOGS = YES;
				MTL_ENABLE_DEBUG_INFO = INCLUDE_SOURCE;
				MTL_FAST_MATH = YES;
				ONLY_ACTIVE_ARCH = YES;
				SDKROOT = iphoneos;
				SWIFT_ACTIVE_COMPILATION_CONDITIONS = "DEBUG $(inherited)";
				SWIFT_OPTIMIZATION_LEVEL = "-Onone";
			};
			name = Debug;
		};
		B20376382A33EAB4000987BF /* Release */ = {
			isa = XCBuildConfiguration;
			buildSettings = {
				ALWAYS_SEARCH_USER_PATHS = NO;
				ASSETCATALOG_COMPILER_GENERATE_SWIFT_ASSET_SYMBOL_EXTENSIONS = YES;
				CLANG_ANALYZER_NONNULL = YES;
				CLANG_ANALYZER_NUMBER_OBJECT_CONVERSION = YES_AGGRESSIVE;
				CLANG_CXX_LANGUAGE_STANDARD = "gnu++20";
				CLANG_ENABLE_MODULES = YES;
				CLANG_ENABLE_OBJC_ARC = YES;
				CLANG_ENABLE_OBJC_WEAK = YES;
				CLANG_WARN_BLOCK_CAPTURE_AUTORELEASING = YES;
				CLANG_WARN_BOOL_CONVERSION = YES;
				CLANG_WARN_COMMA = YES;
				CLANG_WARN_CONSTANT_CONVERSION = YES;
				CLANG_WARN_DEPRECATED_OBJC_IMPLEMENTATIONS = YES;
				CLANG_WARN_DIRECT_OBJC_ISA_USAGE = YES_ERROR;
				CLANG_WARN_DOCUMENTATION_COMMENTS = YES;
				CLANG_WARN_EMPTY_BODY = YES;
				CLANG_WARN_ENUM_CONVERSION = YES;
				CLANG_WARN_INFINITE_RECURSION = YES;
				CLANG_WARN_INT_CONVERSION = YES;
				CLANG_WARN_NON_LITERAL_NULL_CONVERSION = YES;
				CLANG_WARN_OBJC_IMPLICIT_RETAIN_SELF = YES;
				CLANG_WARN_OBJC_LITERAL_CONVERSION = YES;
				CLANG_WARN_OBJC_ROOT_CLASS = YES_ERROR;
				CLANG_WARN_QUOTED_INCLUDE_IN_FRAMEWORK_HEADER = YES;
				CLANG_WARN_RANGE_LOOP_ANALYSIS = YES;
				CLANG_WARN_STRICT_PROTOTYPES = YES;
				CLANG_WARN_SUSPICIOUS_MOVE = YES;
				CLANG_WARN_UNGUARDED_AVAILABILITY = YES_AGGRESSIVE;
				CLANG_WARN_UNREACHABLE_CODE = YES;
				CLANG_WARN__DUPLICATE_METHOD_MATCH = YES;
				COPY_PHASE_STRIP = NO;
				DEBUG_INFORMATION_FORMAT = "dwarf-with-dsym";
				ENABLE_NS_ASSERTIONS = NO;
				ENABLE_STRICT_OBJC_MSGSEND = YES;
				ENABLE_USER_SCRIPT_SANDBOXING = YES;
				GCC_C_LANGUAGE_STANDARD = gnu17;
				GCC_NO_COMMON_BLOCKS = YES;
				GCC_WARN_64_TO_32_BIT_CONVERSION = YES;
				GCC_WARN_ABOUT_RETURN_TYPE = YES_ERROR;
				GCC_WARN_UNDECLARED_SELECTOR = YES;
				GCC_WARN_UNINITIALIZED_AUTOS = YES_AGGRESSIVE;
				GCC_WARN_UNUSED_FUNCTION = YES;
				GCC_WARN_UNUSED_VARIABLE = YES;
				IPHONEOS_DEPLOYMENT_TARGET = 17.0;
				LOCALIZATION_PREFERS_STRING_CATALOGS = YES;
				MTL_ENABLE_DEBUG_INFO = NO;
				MTL_FAST_MATH = YES;
				SDKROOT = iphoneos;
				SWIFT_COMPILATION_MODE = wholemodule;
				VALIDATE_PRODUCT = YES;
			};
			name = Release;
		};
		B203763A2A33EAB4000987BF /* Debug */ = {
			isa = XCBuildConfiguration;
			buildSettings = {
				ASSETCATALOG_COMPILER_APPICON_NAME = AppIcon;
				ASSETCATALOG_COMPILER_GLOBAL_ACCENT_COLOR_NAME = AccentColor;
				CODE_SIGN_STYLE = Automatic;
				CURRENT_PROJECT_VERSION = 1;
				DEVELOPMENT_TEAM = 55M8D74RGH;
				GENERATE_INFOPLIST_FILE = YES;
				INFOPLIST_FILE = "JDR Todo 2/Info.plist";
				INFOPLIST_KEY_UIApplicationSupportsIndirectInputEvents = YES;
				INFOPLIST_KEY_UILaunchStoryboardName = LaunchScreen;
				INFOPLIST_KEY_UISupportedInterfaceOrientations = UIInterfaceOrientationPortrait;
				INFOPLIST_KEY_UISupportedInterfaceOrientations_iPad = "UIInterfaceOrientationLandscapeLeft UIInterfaceOrientationLandscapeRight UIInterfaceOrientationPortrait UIInterfaceOrientationPortraitUpsideDown";
				IPHONEOS_DEPLOYMENT_TARGET = 15.0;
				LD_RUNPATH_SEARCH_PATHS = (
					"$(inherited)",
					"@executable_path/Frameworks",
				);
				MARKETING_VERSION = 1.0.0;
				PRODUCT_BUNDLE_IDENTIFIER = "com.avocadojapan.JDR-Todo-2";
				PRODUCT_NAME = "$(TARGET_NAME)";
				SUPPORTED_PLATFORMS = "iphoneos iphonesimulator";
				SUPPORTS_MACCATALYST = NO;
				SUPPORTS_MAC_DESIGNED_FOR_IPHONE_IPAD = NO;
				SWIFT_EMIT_LOC_STRINGS = YES;
				SWIFT_VERSION = 5.0;
				TARGETED_DEVICE_FAMILY = 1;
			};
			name = Debug;
		};
		B203763B2A33EAB4000987BF /* Release */ = {
			isa = XCBuildConfiguration;
			buildSettings = {
				ASSETCATALOG_COMPILER_APPICON_NAME = AppIcon;
				ASSETCATALOG_COMPILER_GLOBAL_ACCENT_COLOR_NAME = AccentColor;
				CODE_SIGN_STYLE = Automatic;
				CURRENT_PROJECT_VERSION = 1;
				DEVELOPMENT_TEAM = 55M8D74RGH;
				GENERATE_INFOPLIST_FILE = YES;
				INFOPLIST_FILE = "JDR Todo 2/Info.plist";
				INFOPLIST_KEY_UIApplicationSupportsIndirectInputEvents = YES;
				INFOPLIST_KEY_UILaunchStoryboardName = LaunchScreen;
				INFOPLIST_KEY_UISupportedInterfaceOrientations = UIInterfaceOrientationPortrait;
				INFOPLIST_KEY_UISupportedInterfaceOrientations_iPad = "UIInterfaceOrientationLandscapeLeft UIInterfaceOrientationLandscapeRight UIInterfaceOrientationPortrait UIInterfaceOrientationPortraitUpsideDown";
				IPHONEOS_DEPLOYMENT_TARGET = 15.0;
				LD_RUNPATH_SEARCH_PATHS = (
					"$(inherited)",
					"@executable_path/Frameworks",
				);
				MARKETING_VERSION = 1.0.0;
				PRODUCT_BUNDLE_IDENTIFIER = "com.avocadojapan.JDR-Todo-2";
				PRODUCT_NAME = "$(TARGET_NAME)";
				SUPPORTED_PLATFORMS = "iphoneos iphonesimulator";
				SUPPORTS_MACCATALYST = NO;
				SUPPORTS_MAC_DESIGNED_FOR_IPHONE_IPAD = NO;
				SWIFT_EMIT_LOC_STRINGS = YES;
				SWIFT_VERSION = 5.0;
				TARGETED_DEVICE_FAMILY = 1;
			};
			name = Release;
		};
		B203763D2A33EAB4000987BF /* Debug */ = {
			isa = XCBuildConfiguration;
			buildSettings = {
				ALWAYS_EMBED_SWIFT_STANDARD_LIBRARIES = YES;
				BUNDLE_LOADER = "$(TEST_HOST)";
				CODE_SIGN_STYLE = Automatic;
				CURRENT_PROJECT_VERSION = 1;
				DEVELOPMENT_TEAM = 55M8D74RGH;
				GENERATE_INFOPLIST_FILE = YES;
				IPHONEOS_DEPLOYMENT_TARGET = 17.0;
				MARKETING_VERSION = 1.0;
				PRODUCT_BUNDLE_IDENTIFIER = "com.avocadojapan.JDR-Todo-2Tests";
				PRODUCT_NAME = "$(TARGET_NAME)";
				SWIFT_EMIT_LOC_STRINGS = NO;
				SWIFT_VERSION = 5.0;
				TARGETED_DEVICE_FAMILY = "1,2";
				TEST_HOST = "$(BUILT_PRODUCTS_DIR)/JDR Todo 2.app/$(BUNDLE_EXECUTABLE_FOLDER_PATH)/JDR Todo 2";
			};
			name = Debug;
		};
		B203763E2A33EAB4000987BF /* Release */ = {
			isa = XCBuildConfiguration;
			buildSettings = {
				ALWAYS_EMBED_SWIFT_STANDARD_LIBRARIES = YES;
				BUNDLE_LOADER = "$(TEST_HOST)";
				CODE_SIGN_STYLE = Automatic;
				CURRENT_PROJECT_VERSION = 1;
				DEVELOPMENT_TEAM = 55M8D74RGH;
				GENERATE_INFOPLIST_FILE = YES;
				IPHONEOS_DEPLOYMENT_TARGET = 17.0;
				MARKETING_VERSION = 1.0;
				PRODUCT_BUNDLE_IDENTIFIER = "com.avocadojapan.JDR-Todo-2Tests";
				PRODUCT_NAME = "$(TARGET_NAME)";
				SWIFT_EMIT_LOC_STRINGS = NO;
				SWIFT_VERSION = 5.0;
				TARGETED_DEVICE_FAMILY = "1,2";
				TEST_HOST = "$(BUILT_PRODUCTS_DIR)/JDR Todo 2.app/$(BUNDLE_EXECUTABLE_FOLDER_PATH)/JDR Todo 2";
			};
			name = Release;
		};
		B20376402A33EAB4000987BF /* Debug */ = {
			isa = XCBuildConfiguration;
			buildSettings = {
				ALWAYS_EMBED_SWIFT_STANDARD_LIBRARIES = YES;
				CODE_SIGN_STYLE = Automatic;
				CURRENT_PROJECT_VERSION = 1;
				DEVELOPMENT_TEAM = 55M8D74RGH;
				GENERATE_INFOPLIST_FILE = YES;
				MARKETING_VERSION = 1.0;
				PRODUCT_BUNDLE_IDENTIFIER = "com.avocadojapan.JDR-Todo-2UITests";
				PRODUCT_NAME = "$(TARGET_NAME)";
				SWIFT_EMIT_LOC_STRINGS = NO;
				SWIFT_VERSION = 5.0;
				TARGETED_DEVICE_FAMILY = "1,2";
				TEST_TARGET_NAME = "JDR Todo 2";
			};
			name = Debug;
		};
		B20376412A33EAB4000987BF /* Release */ = {
			isa = XCBuildConfiguration;
			buildSettings = {
				ALWAYS_EMBED_SWIFT_STANDARD_LIBRARIES = YES;
				CODE_SIGN_STYLE = Automatic;
				CURRENT_PROJECT_VERSION = 1;
				DEVELOPMENT_TEAM = 55M8D74RGH;
				GENERATE_INFOPLIST_FILE = YES;
				MARKETING_VERSION = 1.0;
				PRODUCT_BUNDLE_IDENTIFIER = "com.avocadojapan.JDR-Todo-2UITests";
				PRODUCT_NAME = "$(TARGET_NAME)";
				SWIFT_EMIT_LOC_STRINGS = NO;
				SWIFT_VERSION = 5.0;
				TARGETED_DEVICE_FAMILY = "1,2";
				TEST_TARGET_NAME = "JDR Todo 2";
			};
			name = Release;
		};
/* End XCBuildConfiguration section */

/* Begin XCConfigurationList section */
		B20376072A33EAB2000987BF /* Build configuration list for PBXProject "JDR Todo 2" */ = {
			isa = XCConfigurationList;
			buildConfigurations = (
				B20376372A33EAB4000987BF /* Debug */,
				B20376382A33EAB4000987BF /* Release */,
			);
			defaultConfigurationIsVisible = 0;
			defaultConfigurationName = Release;
		};
		B20376392A33EAB4000987BF /* Build configuration list for PBXNativeTarget "JDR Todo 2" */ = {
			isa = XCConfigurationList;
			buildConfigurations = (
				B203763A2A33EAB4000987BF /* Debug */,
				B203763B2A33EAB4000987BF /* Release */,
			);
			defaultConfigurationIsVisible = 0;
			defaultConfigurationName = Release;
		};
		B203763C2A33EAB4000987BF /* Build configuration list for PBXNativeTarget "JDR Todo 2Tests" */ = {
			isa = XCConfigurationList;
			buildConfigurations = (
				B203763D2A33EAB4000987BF /* Debug */,
				B203763E2A33EAB4000987BF /* Release */,
			);
			defaultConfigurationIsVisible = 0;
			defaultConfigurationName = Release;
		};
		B203763F2A33EAB4000987BF /* Build configuration list for PBXNativeTarget "JDR Todo 2UITests" */ = {
			isa = XCConfigurationList;
			buildConfigurations = (
				B20376402A33EAB4000987BF /* Debug */,
				B20376412A33EAB4000987BF /* Release */,
			);
			defaultConfigurationIsVisible = 0;
			defaultConfigurationName = Release;
		};
/* End XCConfigurationList section */

/* Begin XCRemoteSwiftPackageReference section */
		B203764B2A33EF69000987BF /* XCRemoteSwiftPackageReference "RxSwift" */ = {
			isa = XCRemoteSwiftPackageReference;
			repositoryURL = "https://github.com/ReactiveX/RxSwift.git";
			requirement = {
				kind = upToNextMajorVersion;
				minimumVersion = 6.6.0;
			};
		};
		B20376542A33EF8A000987BF /* XCRemoteSwiftPackageReference "SnapKit" */ = {
			isa = XCRemoteSwiftPackageReference;
			repositoryURL = "https://github.com/SnapKit/SnapKit.git";
			requirement = {
				kind = upToNextMajorVersion;
				minimumVersion = 5.6.0;
			};
		};
		B20376572A33EFB4000987BF /* XCRemoteSwiftPackageReference "RxAlamofire" */ = {
			isa = XCRemoteSwiftPackageReference;
			repositoryURL = "https://github.com/RxSwiftCommunity/RxAlamofire.git";
			requirement = {
				kind = upToNextMajorVersion;
				minimumVersion = 6.0.0;
			};
		};
		B203765A2A33EFE7000987BF /* XCRemoteSwiftPackageReference "Then" */ = {
			isa = XCRemoteSwiftPackageReference;
			repositoryURL = "https://github.com/devxoul/Then";
			requirement = {
				kind = upToNextMajorVersion;
				minimumVersion = 3.0.0;
			};
		};
/* End XCRemoteSwiftPackageReference section */

/* Begin XCSwiftPackageProductDependency section */
		B203764C2A33EF69000987BF /* RxCocoa */ = {
			isa = XCSwiftPackageProductDependency;
			package = B203764B2A33EF69000987BF /* XCRemoteSwiftPackageReference "RxSwift" */;
			productName = RxCocoa;
		};
		B203764E2A33EF69000987BF /* RxRelay */ = {
			isa = XCSwiftPackageProductDependency;
			package = B203764B2A33EF69000987BF /* XCRemoteSwiftPackageReference "RxSwift" */;
			productName = RxRelay;
		};
		B20376502A33EF69000987BF /* RxSwift */ = {
			isa = XCSwiftPackageProductDependency;
			package = B203764B2A33EF69000987BF /* XCRemoteSwiftPackageReference "RxSwift" */;
			productName = RxSwift;
		};
		B20376522A33EF69000987BF /* RxTest */ = {
			isa = XCSwiftPackageProductDependency;
			package = B203764B2A33EF69000987BF /* XCRemoteSwiftPackageReference "RxSwift" */;
			productName = RxTest;
		};
		B20376552A33EF8A000987BF /* SnapKit */ = {
			isa = XCSwiftPackageProductDependency;
			package = B20376542A33EF8A000987BF /* XCRemoteSwiftPackageReference "SnapKit" */;
			productName = SnapKit;
		};
		B20376582A33EFB4000987BF /* RxAlamofire */ = {
			isa = XCSwiftPackageProductDependency;
			package = B20376572A33EFB4000987BF /* XCRemoteSwiftPackageReference "RxAlamofire" */;
			productName = RxAlamofire;
		};
		B203765B2A33EFE7000987BF /* Then */ = {
			isa = XCSwiftPackageProductDependency;
			package = B203765A2A33EFE7000987BF /* XCRemoteSwiftPackageReference "Then" */;
			productName = Then;
		};
/* End XCSwiftPackageProductDependency section */

/* Begin XCVersionGroup section */
		B20376182A33EAB2000987BF /* JDR_Todo_2.xcdatamodeld */ = {
			isa = XCVersionGroup;
			children = (
				B20376192A33EAB2000987BF /* JDR_Todo_2.xcdatamodel */,
			);
			currentVersion = B20376192A33EAB2000987BF /* JDR_Todo_2.xcdatamodel */;
			path = JDR_Todo_2.xcdatamodeld;
			sourceTree = "<group>";
			versionGroupType = wrapper.xcdatamodel;
		};
/* End XCVersionGroup section */
	};
	rootObject = B20376042A33EAB2000987BF /* Project object */;
}
